
Microsoft Visual Studio Solution File, Format Version 12.00
# Visual Studio Version 17
VisualStudioVersion = 17.9.34622.214
MinimumVisualStudioVersion = 10.0.40219.1
Project("{9A19103F-16F7-4668-BE54-9A1E7A4F7556}") = "InventoryManagementApp", "InventoryManagementApp\InventoryManagementApp.csproj", "{03A7D894-DBEF-4D58-8837-05464A23D3B2}"
EndProject
Project("{FAE04EC0-301F-11D3-BF4B-00C04F79EFBC}") = "InventoryManagementApp.Tests", "InventoryManagementApp.Tests\InventoryManagementApp.Tests.csproj", "{C19BBE33-3ECE-4C74-80FB-366861018D80}"
EndProject
Global
	GlobalSection(SolutionConfigurationPlatforms) = preSolution
		Debug|Any CPU = Debug|Any CPU
		Release|Any CPU = Release|Any CPU
	EndGlobalSection
	GlobalSection(ProjectConfigurationPlatforms) = postSolution
		{03A7D894-DBEF-4D58-8837-05464A23D3B2}.Debug|Any CPU.ActiveCfg = Debug|Any CPU
		{03A7D894-DBEF-4D58-8837-05464A23D3B2}.Debug|Any CPU.Build.0 = Debug|Any CPU
		{03A7D894-DBEF-4D58-8837-05464A23D3B2}.Release|Any CPU.ActiveCfg = Release|Any CPU
		{03A7D894-DBEF-4D58-8837-05464A23D3B2}.Release|Any CPU.Build.0 = Release|Any CPU
		{C19BBE33-3ECE-4C74-80FB-366861018D80}.Debug|Any CPU.ActiveCfg = Debug|Any CPU
		{C19BBE33-3ECE-4C74-80FB-366861018D80}.Debug|Any CPU.Build.0 = Debug|Any CPU
		{C19BBE33-3ECE-4C74-80FB-366861018D80}.Release|Any CPU.ActiveCfg = Release|Any CPU
		{C19BBE33-3ECE-4C74-80FB-366861018D80}.Release|Any CPU.Build.0 = Release|Any CPU
	EndGlobalSection
	GlobalSection(SolutionProperties) = preSolution
		HideSolutionNode = FALSE
	EndGlobalSection
	GlobalSection(ExtensibilityGlobals) = postSolution
		SolutionGuid = {5FA19BA2-FAD6-4F4A-B1E8-B7F7293B513A}
	EndGlobalSection
EndGlobal
